{
  "name": "keto-node-express-example",
  "lockfileVersion": 2,
  "requires": true,
  "packages": {
    "": {
      "devDependencies": {
        "ory-prettier-styles": "^1.1.2",
        "prettier": "^2.5.1"
      }
    },
    "node_modules/ory-prettier-styles": {
      "version": "1.1.2",
      "resolved": "https://registry.npmjs.org/ory-prettier-styles/-/ory-prettier-styles-1.1.2.tgz",
      "integrity": "sha512-J7YcNdGlfTKCXAHEoFl9lp5EhnIASGgM5ua9Y+8OdWtS9tXJTik5xFYCF6xS46tpI3sk8cxFguKWhZeaeb6Z/A==",
      "dev": true
    },
    "node_modules/prettier": {
      "version": "2.5.1",
      "resolved": "https://registry.npmjs.org/prettier/-/prettier-2.5.1.tgz",
      "integrity": "sha512-vBZcPRUR5MZJwoyi3ZoyQlc1rXeEck8KgeC9AwwOn+exuxLxq5toTRDTSaVrXHxelDMHy9zlicw8u66yxoSUFg==",
      "dev": true,
      "bin": {
        "prettier": "bin-prettier.js"
      },
      "engines": {
        "node": ">=10.13.0"
      }
    }
  },
  "dependencies": {
    "ory-prettier-styles": {
      "version": "1.1.2",
      "resolved": "https://registry.npmjs.org/ory-prettier-styles/-/ory-prettier-styles-1.1.2.tgz",
      "integrity": "sha512-J7YcNdGlfTKCXAHEoFl9lp5EhnIASGgM5ua9Y+8OdWtS9tXJTik5xFYCF6xS46tpI3sk8cxFguKWhZeaeb6Z/A==",
      "dev": true
    },
    "prettier": {
      "version": "2.5.1",
      "resolved": "https://registry.npmjs.org/prettier/-/prettier-2.5.1.tgz",
      "integrity": "sha512-vBZcPRUR5MZJwoyi3ZoyQlc1rXeEck8KgeC9AwwOn+exuxLxq5toTRDTSaVrXHxelDMHy9zlicw8u66yxoSUFg==",
      "dev": true
    }
  }
}
